
Microsoft Visual Studio Solution File, Format Version 12.00
# Visual Studio Version 17
VisualStudioVersion = 17.3.32811.315
MinimumVisualStudioVersion = 10.0.40219.1
Project("{FAE04EC0-301F-11D3-BF4B-00C04F79EFBC}") = "Events", "Events\Events.csproj", "{B440F160-6EE3-4D99-AC2F-AEAABDD9F990}"
EndProject
Project("{FAE04EC0-301F-11D3-BF4B-00C04F79EFBC}") = "Lambdas", "Lambdas\Lambdas.csproj", "{8CF150E3-8F2A-4E18-BD24-84B06AFD27A2}"
EndProject
Project("{FAE04EC0-301F-11D3-BF4B-00C04F79EFBC}") = "Delegates", "Delegates\Delegates.csproj", "{0360E4D4-C9AB-4B31-9B25-C891475D89B9}"
EndProject
Project("{FAE04EC0-301F-11D3-BF4B-00C04F79EFBC}") = "AsynchronousDemo", "WPF\AsynchronousDemo\AsynchronousDemo.csproj", "{41896A97-9B22-4E85-BA07-1BB9D76FA1B7}"
EndProject
Project("{2150E333-8FDC-42A3-9474-1A3956D46DE8}") = "WPF", "WPF", "{4438944A-B9C4-453A-BB05-A2CD9DB754DF}"
EndProject
Project("{2150E333-8FDC-42A3-9474-1A3956D46DE8}") = "AsynchronousDemo", "AsynchronousDemo", "{8AD396E2-3943-4989-BAF0-70A0D0B9F08E}"
EndProject
Project("{2150E333-8FDC-42A3-9474-1A3956D46DE8}") = "WPFAdvanceControl", "WPFAdvanceControl", "{8F54C483-74BA-4D53-927B-C7E563A0B279}"
EndProject
Project("{2150E333-8FDC-42A3-9474-1A3956D46DE8}") = "WPFBasicControl", "WPFBasicControl", "{67FA0109-03AA-4F9B-86C6-43C2D0A77A7E}"
EndProject
Project("{2150E333-8FDC-42A3-9474-1A3956D46DE8}") = "WPFBinding", "WPFBinding", "{7158EF4D-E6C2-407D-8C17-D0250F097288}"
EndProject
Project("{FAE04EC0-301F-11D3-BF4B-00C04F79EFBC}") = "DataGrid", "WPF\WPFAdvanceControl\DataGrid\DataGrid.csproj", "{9A2A11C6-EA86-4152-878E-7EC85E6D4BAC}"
EndProject
Project("{FAE04EC0-301F-11D3-BF4B-00C04F79EFBC}") = "MenuDemo", "WPF\WPFAdvanceControl\MenuDemo\MenuDemo.csproj", "{E7E5D47F-49F9-4F9B-A16E-0284C007E229}"
EndProject
Project("{FAE04EC0-301F-11D3-BF4B-00C04F79EFBC}") = "StatusBar", "WPF\WPFAdvanceControl\StatusBar\StatusBar.csproj", "{50780FBE-0148-4BFA-8530-EA4D641D27ED}"
EndProject
Project("{FAE04EC0-301F-11D3-BF4B-00C04F79EFBC}") = "TabControl", "WPF\WPFAdvanceControl\TabControl\TabControl.csproj", "{191D29ED-505F-4108-BBBC-1870E1B58CC9}"
EndProject
Project("{FAE04EC0-301F-11D3-BF4B-00C04F79EFBC}") = "TreeView", "WPF\WPFAdvanceControl\TreeView\TreeView.csproj", "{F4E51C7A-B17E-405A-867F-FB89238DF95E}"
EndProject
Project("{FAE04EC0-301F-11D3-BF4B-00C04F79EFBC}") = "WPFDataBinding", "WPF\WPFBinding\WPFDataBinding\WPFDataBinding.csproj", "{A2CAC96E-85D5-4CA0-8C18-6DBB7C02D07F}"
EndProject
Project("{FAE04EC0-301F-11D3-BF4B-00C04F79EFBC}") = "WPFDataBindingOneWay", "WPF\WPFBinding\WPFDataBindingOneWay\WPFDataBindingOneWay.csproj", "{4DFE9AAD-65C0-464B-AC38-ADBB56E70F21}"
EndProject
Project("{FAE04EC0-301F-11D3-BF4B-00C04F79EFBC}") = "WPFDataBindingOneWayINPC", "WPF\WPFBinding\WPFDataBindingOneWayINPC\WPFDataBindingOneWayINPC.csproj", "{81980F0E-88AB-4077-8AC6-94EB812BB194}"
EndProject
Project("{FAE04EC0-301F-11D3-BF4B-00C04F79EFBC}") = "WPFCanvas", "WPF\WPFBasicControls\WPFCanvas\WPFCanvas.csproj", "{0A6A43FB-2307-4747-B8CF-0AD0AAA2FD9B}"
EndProject
Project("{FAE04EC0-301F-11D3-BF4B-00C04F79EFBC}") = "WPFControls", "WPF\WPFBasicControls\WPFControls\WPFControls.csproj", "{CCACC088-DC25-4E26-AFB4-4ED9181526AB}"
EndProject
Project("{FAE04EC0-301F-11D3-BF4B-00C04F79EFBC}") = "WPFDockPanel", "WPF\WPFBasicControls\WPFDockPanel\WPFDockPanel.csproj", "{BD49B39F-30B8-44C4-9E1C-EAC3C7941168}"
EndProject
Project("{FAE04EC0-301F-11D3-BF4B-00C04F79EFBC}") = "WPFGrid", "WPF\WPFBasicControls\WPFGrid\WPFGrid.csproj", "{0DFC151E-905A-4B89-834E-817D82372916}"
EndProject
Project("{FAE04EC0-301F-11D3-BF4B-00C04F79EFBC}") = "WPFStackPanel", "WPF\WPFBasicControls\WPFStackPanel\WPFStackPanel.csproj", "{DBF49400-7A1F-4C44-9494-4A2DEC786636}"
EndProject
Project("{FAE04EC0-301F-11D3-BF4B-00C04F79EFBC}") = "WPFWrapPanel", "WPF\WPFBasicControls\WPFWrapPanel\WPFWrapPanel.csproj", "{D9B70FFD-B9E7-474D-92D4-C41339A10F19}"
EndProject
Project("{2150E333-8FDC-42A3-9474-1A3956D46DE8}") = "Asynchronous", "Asynchronous", "{29DD149B-0754-4FCC-9170-149AC4552886}"
EndProject
Project("{FAE04EC0-301F-11D3-BF4B-00C04F79EFBC}") = "AsyncAwait", "AsyncAwait\AsyncAwait.csproj", "{BD4A9FE8-4E17-4546-A13A-3571753A0C51}"
EndProject
Global
	GlobalSection(SolutionConfigurationPlatforms) = preSolution
		Debug|Any CPU = Debug|Any CPU
		Release|Any CPU = Release|Any CPU
	EndGlobalSection
	GlobalSection(ProjectConfigurationPlatforms) = postSolution
		{B440F160-6EE3-4D99-AC2F-AEAABDD9F990}.Debug|Any CPU.ActiveCfg = Debug|Any CPU
		{B440F160-6EE3-4D99-AC2F-AEAABDD9F990}.Debug|Any CPU.Build.0 = Debug|Any CPU
		{B440F160-6EE3-4D99-AC2F-AEAABDD9F990}.Release|Any CPU.ActiveCfg = Release|Any CPU
		{B440F160-6EE3-4D99-AC2F-AEAABDD9F990}.Release|Any CPU.Build.0 = Release|Any CPU
		{8CF150E3-8F2A-4E18-BD24-84B06AFD27A2}.Debug|Any CPU.ActiveCfg = Debug|Any CPU
		{8CF150E3-8F2A-4E18-BD24-84B06AFD27A2}.Debug|Any CPU.Build.0 = Debug|Any CPU
		{8CF150E3-8F2A-4E18-BD24-84B06AFD27A2}.Release|Any CPU.ActiveCfg = Release|Any CPU
		{8CF150E3-8F2A-4E18-BD24-84B06AFD27A2}.Release|Any CPU.Build.0 = Release|Any CPU
		{0360E4D4-C9AB-4B31-9B25-C891475D89B9}.Debug|Any CPU.ActiveCfg = Debug|Any CPU
		{0360E4D4-C9AB-4B31-9B25-C891475D89B9}.Debug|Any CPU.Build.0 = Debug|Any CPU
		{0360E4D4-C9AB-4B31-9B25-C891475D89B9}.Release|Any CPU.ActiveCfg = Release|Any CPU
		{0360E4D4-C9AB-4B31-9B25-C891475D89B9}.Release|Any CPU.Build.0 = Release|Any CPU
		{41896A97-9B22-4E85-BA07-1BB9D76FA1B7}.Debug|Any CPU.ActiveCfg = Debug|Any CPU
		{41896A97-9B22-4E85-BA07-1BB9D76FA1B7}.Debug|Any CPU.Build.0 = Debug|Any CPU
		{41896A97-9B22-4E85-BA07-1BB9D76FA1B7}.Release|Any CPU.ActiveCfg = Release|Any CPU
		{41896A97-9B22-4E85-BA07-1BB9D76FA1B7}.Release|Any CPU.Build.0 = Release|Any CPU
		{9A2A11C6-EA86-4152-878E-7EC85E6D4BAC}.Debug|Any CPU.ActiveCfg = Debug|Any CPU
		{9A2A11C6-EA86-4152-878E-7EC85E6D4BAC}.Debug|Any CPU.Build.0 = Debug|Any CPU
		{9A2A11C6-EA86-4152-878E-7EC85E6D4BAC}.Release|Any CPU.ActiveCfg = Release|Any CPU
		{9A2A11C6-EA86-4152-878E-7EC85E6D4BAC}.Release|Any CPU.Build.0 = Release|Any CPU
		{E7E5D47F-49F9-4F9B-A16E-0284C007E229}.Debug|Any CPU.ActiveCfg = Debug|Any CPU
		{E7E5D47F-49F9-4F9B-A16E-0284C007E229}.Debug|Any CPU.Build.0 = Debug|Any CPU
		{E7E5D47F-49F9-4F9B-A16E-0284C007E229}.Release|Any CPU.ActiveCfg = Release|Any CPU
		{E7E5D47F-49F9-4F9B-A16E-0284C007E229}.Release|Any CPU.Build.0 = Release|Any CPU
		{50780FBE-0148-4BFA-8530-EA4D641D27ED}.Debug|Any CPU.ActiveCfg = Debug|Any CPU
		{50780FBE-0148-4BFA-8530-EA4D641D27ED}.Debug|Any CPU.Build.0 = Debug|Any CPU
		{50780FBE-0148-4BFA-8530-EA4D641D27ED}.Release|Any CPU.ActiveCfg = Release|Any CPU
		{50780FBE-0148-4BFA-8530-EA4D641D27ED}.Release|Any CPU.Build.0 = Release|Any CPU
		{191D29ED-505F-4108-BBBC-1870E1B58CC9}.Debug|Any CPU.ActiveCfg = Debug|Any CPU
		{191D29ED-505F-4108-BBBC-1870E1B58CC9}.Debug|Any CPU.Build.0 = Debug|Any CPU
		{191D29ED-505F-4108-BBBC-1870E1B58CC9}.Release|Any CPU.ActiveCfg = Release|Any CPU
		{191D29ED-505F-4108-BBBC-1870E1B58CC9}.Release|Any CPU.Build.0 = Release|Any CPU
		{F4E51C7A-B17E-405A-867F-FB89238DF95E}.Debug|Any CPU.ActiveCfg = Debug|Any CPU
		{F4E51C7A-B17E-405A-867F-FB89238DF95E}.Debug|Any CPU.Build.0 = Debug|Any CPU
		{F4E51C7A-B17E-405A-867F-FB89238DF95E}.Release|Any CPU.ActiveCfg = Release|Any CPU
		{F4E51C7A-B17E-405A-867F-FB89238DF95E}.Release|Any CPU.Build.0 = Release|Any CPU
		{A2CAC96E-85D5-4CA0-8C18-6DBB7C02D07F}.Debug|Any CPU.ActiveCfg = Debug|Any CPU
		{A2CAC96E-85D5-4CA0-8C18-6DBB7C02D07F}.Debug|Any CPU.Build.0 = Debug|Any CPU
		{A2CAC96E-85D5-4CA0-8C18-6DBB7C02D07F}.Release|Any CPU.ActiveCfg = Release|Any CPU
		{A2CAC96E-85D5-4CA0-8C18-6DBB7C02D07F}.Release|Any CPU.Build.0 = Release|Any CPU
		{4DFE9AAD-65C0-464B-AC38-ADBB56E70F21}.Debug|Any CPU.ActiveCfg = Debug|Any CPU
		{4DFE9AAD-65C0-464B-AC38-ADBB56E70F21}.Debug|Any CPU.Build.0 = Debug|Any CPU
		{4DFE9AAD-65C0-464B-AC38-ADBB56E70F21}.Release|Any CPU.ActiveCfg = Release|Any CPU
		{4DFE9AAD-65C0-464B-AC38-ADBB56E70F21}.Release|Any CPU.Build.0 = Release|Any CPU
		{81980F0E-88AB-4077-8AC6-94EB812BB194}.Debug|Any CPU.ActiveCfg = Debug|Any CPU
		{81980F0E-88AB-4077-8AC6-94EB812BB194}.Debug|Any CPU.Build.0 = Debug|Any CPU
		{81980F0E-88AB-4077-8AC6-94EB812BB194}.Release|Any CPU.ActiveCfg = Release|Any CPU
		{81980F0E-88AB-4077-8AC6-94EB812BB194}.Release|Any CPU.Build.0 = Release|Any CPU
		{0A6A43FB-2307-4747-B8CF-0AD0AAA2FD9B}.Debug|Any CPU.ActiveCfg = Debug|Any CPU
		{0A6A43FB-2307-4747-B8CF-0AD0AAA2FD9B}.Debug|Any CPU.Build.0 = Debug|Any CPU
		{0A6A43FB-2307-4747-B8CF-0AD0AAA2FD9B}.Release|Any CPU.ActiveCfg = Release|Any CPU
		{0A6A43FB-2307-4747-B8CF-0AD0AAA2FD9B}.Release|Any CPU.Build.0 = Release|Any CPU
		{CCACC088-DC25-4E26-AFB4-4ED9181526AB}.Debug|Any CPU.ActiveCfg = Debug|Any CPU
		{CCACC088-DC25-4E26-AFB4-4ED9181526AB}.Debug|Any CPU.Build.0 = Debug|Any CPU
		{CCACC088-DC25-4E26-AFB4-4ED9181526AB}.Release|Any CPU.ActiveCfg = Release|Any CPU
		{CCACC088-DC25-4E26-AFB4-4ED9181526AB}.Release|Any CPU.Build.0 = Release|Any CPU
		{BD49B39F-30B8-44C4-9E1C-EAC3C7941168}.Debug|Any CPU.ActiveCfg = Debug|Any CPU
		{BD49B39F-30B8-44C4-9E1C-EAC3C7941168}.Debug|Any CPU.Build.0 = Debug|Any CPU
		{BD49B39F-30B8-44C4-9E1C-EAC3C7941168}.Release|Any CPU.ActiveCfg = Release|Any CPU
		{BD49B39F-30B8-44C4-9E1C-EAC3C7941168}.Release|Any CPU.Build.0 = Release|Any CPU
		{0DFC151E-905A-4B89-834E-817D82372916}.Debug|Any CPU.ActiveCfg = Debug|Any CPU
		{0DFC151E-905A-4B89-834E-817D82372916}.Debug|Any CPU.Build.0 = Debug|Any CPU
		{0DFC151E-905A-4B89-834E-817D82372916}.Release|Any CPU.ActiveCfg = Release|Any CPU
		{0DFC151E-905A-4B89-834E-817D82372916}.Release|Any CPU.Build.0 = Release|Any CPU
		{DBF49400-7A1F-4C44-9494-4A2DEC786636}.Debug|Any CPU.ActiveCfg = Debug|Any CPU
		{DBF49400-7A1F-4C44-9494-4A2DEC786636}.Debug|Any CPU.Build.0 = Debug|Any CPU
		{DBF49400-7A1F-4C44-9494-4A2DEC786636}.Release|Any CPU.ActiveCfg = Release|Any CPU
		{DBF49400-7A1F-4C44-9494-4A2DEC786636}.Release|Any CPU.Build.0 = Release|Any CPU
		{D9B70FFD-B9E7-474D-92D4-C41339A10F19}.Debug|Any CPU.ActiveCfg = Debug|Any CPU
		{D9B70FFD-B9E7-474D-92D4-C41339A10F19}.Debug|Any CPU.Build.0 = Debug|Any CPU
		{D9B70FFD-B9E7-474D-92D4-C41339A10F19}.Release|Any CPU.ActiveCfg = Release|Any CPU
		{D9B70FFD-B9E7-474D-92D4-C41339A10F19}.Release|Any CPU.Build.0 = Release|Any CPU
		{BD4A9FE8-4E17-4546-A13A-3571753A0C51}.Debug|Any CPU.ActiveCfg = Debug|Any CPU
		{BD4A9FE8-4E17-4546-A13A-3571753A0C51}.Debug|Any CPU.Build.0 = Debug|Any CPU
		{BD4A9FE8-4E17-4546-A13A-3571753A0C51}.Release|Any CPU.ActiveCfg = Release|Any CPU
		{BD4A9FE8-4E17-4546-A13A-3571753A0C51}.Release|Any CPU.Build.0 = Release|Any CPU
	EndGlobalSection
	GlobalSection(SolutionProperties) = preSolution
		HideSolutionNode = FALSE
	EndGlobalSection
	GlobalSection(NestedProjects) = preSolution
		{41896A97-9B22-4E85-BA07-1BB9D76FA1B7} = {8AD396E2-3943-4989-BAF0-70A0D0B9F08E}
		{8AD396E2-3943-4989-BAF0-70A0D0B9F08E} = {4438944A-B9C4-453A-BB05-A2CD9DB754DF}
		{8F54C483-74BA-4D53-927B-C7E563A0B279} = {4438944A-B9C4-453A-BB05-A2CD9DB754DF}
		{67FA0109-03AA-4F9B-86C6-43C2D0A77A7E} = {4438944A-B9C4-453A-BB05-A2CD9DB754DF}
		{7158EF4D-E6C2-407D-8C17-D0250F097288} = {4438944A-B9C4-453A-BB05-A2CD9DB754DF}
		{9A2A11C6-EA86-4152-878E-7EC85E6D4BAC} = {8F54C483-74BA-4D53-927B-C7E563A0B279}
		{E7E5D47F-49F9-4F9B-A16E-0284C007E229} = {8F54C483-74BA-4D53-927B-C7E563A0B279}
		{50780FBE-0148-4BFA-8530-EA4D641D27ED} = {8F54C483-74BA-4D53-927B-C7E563A0B279}
		{191D29ED-505F-4108-BBBC-1870E1B58CC9} = {8F54C483-74BA-4D53-927B-C7E563A0B279}
		{F4E51C7A-B17E-405A-867F-FB89238DF95E} = {8F54C483-74BA-4D53-927B-C7E563A0B279}
		{A2CAC96E-85D5-4CA0-8C18-6DBB7C02D07F} = {7158EF4D-E6C2-407D-8C17-D0250F097288}
		{4DFE9AAD-65C0-464B-AC38-ADBB56E70F21} = {7158EF4D-E6C2-407D-8C17-D0250F097288}
		{81980F0E-88AB-4077-8AC6-94EB812BB194} = {7158EF4D-E6C2-407D-8C17-D0250F097288}
		{0A6A43FB-2307-4747-B8CF-0AD0AAA2FD9B} = {67FA0109-03AA-4F9B-86C6-43C2D0A77A7E}
		{CCACC088-DC25-4E26-AFB4-4ED9181526AB} = {67FA0109-03AA-4F9B-86C6-43C2D0A77A7E}
		{BD49B39F-30B8-44C4-9E1C-EAC3C7941168} = {67FA0109-03AA-4F9B-86C6-43C2D0A77A7E}
		{0DFC151E-905A-4B89-834E-817D82372916} = {67FA0109-03AA-4F9B-86C6-43C2D0A77A7E}
		{DBF49400-7A1F-4C44-9494-4A2DEC786636} = {67FA0109-03AA-4F9B-86C6-43C2D0A77A7E}
		{D9B70FFD-B9E7-474D-92D4-C41339A10F19} = {67FA0109-03AA-4F9B-86C6-43C2D0A77A7E}
		{BD4A9FE8-4E17-4546-A13A-3571753A0C51} = {29DD149B-0754-4FCC-9170-149AC4552886}
	EndGlobalSection
	GlobalSection(ExtensibilityGlobals) = postSolution
		SolutionGuid = {C659EF92-B75A-4323-A15F-45972968D917}
	EndGlobalSection
EndGlobal
